
Microsoft Visual Studio Solution File, Format Version 12.00
Project("{FAE04EC0-301F-11D3-BF4B-00C04F79EFBC}") = "Repository", "Repository\Repository.csproj", "{D2206081-6E2E-4886-BEEF-CF81DF26DE33}"
EndProject
Project("{FAE04EC0-301F-11D3-BF4B-00C04F79EFBC}") = "Enitites", "Enitites\Enitites.csproj", "{C0761B9A-9AFF-447E-8A11-D87B752141E3}"
EndProject
Global
	GlobalSection(SolutionConfigurationPlatforms) = preSolution
		Debug|Any CPU = Debug|Any CPU
		Release|Any CPU = Release|Any CPU
	EndGlobalSection
	GlobalSection(ProjectConfigurationPlatforms) = postSolution
		{D2206081-6E2E-4886-BEEF-CF81DF26DE33}.Debug|Any CPU.ActiveCfg = Debug|Any CPU
		{D2206081-6E2E-4886-BEEF-CF81DF26DE33}.Debug|Any CPU.Build.0 = Debug|Any CPU
		{D2206081-6E2E-4886-BEEF-CF81DF26DE33}.Release|Any CPU.ActiveCfg = Release|Any CPU
		{D2206081-6E2E-4886-BEEF-CF81DF26DE33}.Release|Any CPU.Build.0 = Release|Any CPU
		{C0761B9A-9AFF-447E-8A11-D87B752141E3}.Debug|Any CPU.ActiveCfg = Debug|Any CPU
		{C0761B9A-9AFF-447E-8A11-D87B752141E3}.Debug|Any CPU.Build.0 = Debug|Any CPU
		{C0761B9A-9AFF-447E-8A11-D87B752141E3}.Release|Any CPU.ActiveCfg = Release|Any CPU
		{C0761B9A-9AFF-447E-8A11-D87B752141E3}.Release|Any CPU.Build.0 = Release|Any CPU
	EndGlobalSection
EndGlobal
